// !$*UTF8*$!
{
	archiveVersion = 1;
	classes = {
	};
	objectVersion = 77;
	objects = {

/* Begin PBXBuildFile section */
		761312522ECBB27900F19D3A /* FirebaseAuth in Frameworks */ = {isa = PBXBuildFile; productRef = 761312512ECBB27900F19D3A /* FirebaseAuth */; };
		761312542ECBB27900F19D3A /* FirebaseAuthCombine-Community in Frameworks */ = {isa = PBXBuildFile; productRef = 761312532ECBB27900F19D3A /* FirebaseAuthCombine-Community */; };
		761312562ECBB27900F19D3A /* FirebaseCore in Frameworks */ = {isa = PBXBuildFile; productRef = 761312552ECBB27900F19D3A /* FirebaseCore */; };
		761312582ECBB27900F19D3A /* FirebaseCrashlytics in Frameworks */ = {isa = PBXBuildFile; productRef = 761312572ECBB27900F19D3A /* FirebaseCrashlytics */; };
		7613125A2ECBB27900F19D3A /* FirebaseFirestore in Frameworks */ = {isa = PBXBuildFile; productRef = 761312592ECBB27900F19D3A /* FirebaseFirestore */; };
		7613125C2ECBB27900F19D3A /* FirebaseFirestoreCombine-Community in Frameworks */ = {isa = PBXBuildFile; productRef = 7613125B2ECBB27900F19D3A /* FirebaseFirestoreCombine-Community */; };
		7613125E2ECBB27900F19D3A /* FirebaseStorage in Frameworks */ = {isa = PBXBuildFile; productRef = 7613125D2ECBB27900F19D3A /* FirebaseStorage */; };
		761312602ECBB27900F19D3A /* FirebaseStorageCombine-Community in Frameworks */ = {isa = PBXBuildFile; productRef = 7613125F2ECBB27900F19D3A /* FirebaseStorageCombine-Community */; };
		761312632ECBB31A00F19D3A /* GoogleSignIn in Frameworks */ = {isa = PBXBuildFile; productRef = 761312622ECBB31A00F19D3A /* GoogleSignIn */; };
		761312652ECBB31A00F19D3A /* GoogleSignInSwift in Frameworks */ = {isa = PBXBuildFile; productRef = 761312642ECBB31A00F19D3A /* GoogleSignInSwift */; };
		769546CA2EE0BA1000B0498F /* GoogleMaps in Frameworks */ = {isa = PBXBuildFile; productRef = 769546C92EE0BA1000B0498F /* GoogleMaps */; };
/* End PBXBuildFile section */

/* Begin PBXContainerItemProxy section */
		765D54222EC391DC00D4FED1 /* PBXContainerItemProxy */ = {
			isa = PBXContainerItemProxy;
			containerPortal = 765D540A2EC391DA00D4FED1 /* Project object */;
			proxyType = 1;
			remoteGlobalIDString = 765D54112EC391DA00D4FED1;
			remoteInfo = LicensePlateApp;
		};
		765D542C2EC391DC00D4FED1 /* PBXContainerItemProxy */ = {
			isa = PBXContainerItemProxy;
			containerPortal = 765D540A2EC391DA00D4FED1 /* Project object */;
			proxyType = 1;
			remoteGlobalIDString = 765D54112EC391DA00D4FED1;
			remoteInfo = LicensePlateApp;
		};
/* End PBXContainerItemProxy section */

/* Begin PBXFileReference section */
		765D54122EC391DA00D4FED1 /* LicensePlateApp.app */ = {isa = PBXFileReference; explicitFileType = wrapper.application; includeInIndex = 0; path = LicensePlateApp.app; sourceTree = BUILT_PRODUCTS_DIR; };
		765D54212EC391DC00D4FED1 /* LicensePlateAppTests.xctest */ = {isa = PBXFileReference; explicitFileType = wrapper.cfbundle; includeInIndex = 0; path = LicensePlateAppTests.xctest; sourceTree = BUILT_PRODUCTS_DIR; };
		765D542B2EC391DC00D4FED1 /* LicensePlateAppUITests.xctest */ = {isa = PBXFileReference; explicitFileType = wrapper.cfbundle; includeInIndex = 0; path = LicensePlateAppUITests.xctest; sourceTree = BUILT_PRODUCTS_DIR; };
/* End PBXFileReference section */

/* Begin PBXFileSystemSynchronizedBuildFileExceptionSet section */
		769546012ED7349600B0498F /* Exceptions for "LicensePlateApp" folder in "LicensePlateApp" target */ = {
			isa = PBXFileSystemSynchronizedBuildFileExceptionSet;
			membershipExceptions = (
				Info.plist,
			);
			target = 765D54112EC391DA00D4FED1 /* LicensePlateApp */;
		};
/* End PBXFileSystemSynchronizedBuildFileExceptionSet section */

/* Begin PBXFileSystemSynchronizedRootGroup section */
		765D54142EC391DA00D4FED1 /* LicensePlateApp */ = {
			isa = PBXFileSystemSynchronizedRootGroup;
			exceptions = (
				769546012ED7349600B0498F /* Exceptions for "LicensePlateApp" folder in "LicensePlateApp" target */,
			);
			path = LicensePlateApp;
			sourceTree = "<group>";
		};
		765D54242EC391DC00D4FED1 /* LicensePlateAppTests */ = {
			isa = PBXFileSystemSynchronizedRootGroup;
			path = LicensePlateAppTests;
			sourceTree = "<group>";
		};
		765D542E2EC391DC00D4FED1 /* LicensePlateAppUITests */ = {
			isa = PBXFileSystemSynchronizedRootGroup;
			path = LicensePlateAppUITests;
			sourceTree = "<group>";
		};
/* End PBXFileSystemSynchronizedRootGroup section */

/* Begin PBXFrameworksBuildPhase section */
		765D540F2EC391DA00D4FED1 /* Frameworks */ = {
			isa = PBXFrameworksBuildPhase;
			buildActionMask = 2147483647;
			files = (
				761312522ECBB27900F19D3A /* FirebaseAuth in Frameworks */,
				761312582ECBB27900F19D3A /* FirebaseCrashlytics in Frameworks */,
				761312602ECBB27900F19D3A /* FirebaseStorageCombine-Community in Frameworks */,
				761312562ECBB27900F19D3A /* FirebaseCore in Frameworks */,
				7613125C2ECBB27900F19D3A /* FirebaseFirestoreCombine-Community in Frameworks */,
				769546CA2EE0BA1000B0498F /* GoogleMaps in Frameworks */,
				761312652ECBB31A00F19D3A /* GoogleSignInSwift in Frameworks */,
				7613125E2ECBB27900F19D3A /* FirebaseStorage in Frameworks */,
				7613125A2ECBB27900F19D3A /* FirebaseFirestore in Frameworks */,
				761312542ECBB27900F19D3A /* FirebaseAuthCombine-Community in Frameworks */,
				761312632ECBB31A00F19D3A /* GoogleSignIn in Frameworks */,
			);
			runOnlyForDeploymentPostprocessing = 0;
		};
		765D541E2EC391DC00D4FED1 /* Frameworks */ = {
			isa = PBXFrameworksBuildPhase;
			buildActionMask = 2147483647;
			files = (
			);
			runOnlyForDeploymentPostprocessing = 0;
		};
		765D54282EC391DC00D4FED1 /* Frameworks */ = {
			isa = PBXFrameworksBuildPhase;
			buildActionMask = 2147483647;
			files = (
			);
			runOnlyForDeploymentPostprocessing = 0;
		};
/* End PBXFrameworksBuildPhase section */

/* Begin PBXGroup section */
		765D54092EC391DA00D4FED1 = {
			isa = PBXGroup;
			children = (
				765D54142EC391DA00D4FED1 /* LicensePlateApp */,
				765D54242EC391DC00D4FED1 /* LicensePlateAppTests */,
				765D542E2EC391DC00D4FED1 /* LicensePlateAppUITests */,
				765D54132EC391DA00D4FED1 /* Products */,
			);
			sourceTree = "<group>";
		};
		765D54132EC391DA00D4FED1 /* Products */ = {
			isa = PBXGroup;
			children = (
				765D54122EC391DA00D4FED1 /* LicensePlateApp.app */,
				765D54212EC391DC00D4FED1 /* LicensePlateAppTests.xctest */,
				765D542B2EC391DC00D4FED1 /* LicensePlateAppUITests.xctest */,
			);
			name = Products;
			sourceTree = "<group>";
		};
/* End PBXGroup section */

/* Begin PBXNativeTarget section */
		765D54112EC391DA00D4FED1 /* LicensePlateApp */ = {
			isa = PBXNativeTarget;
			buildConfigurationList = 765D54352EC391DC00D4FED1 /* Build configuration list for PBXNativeTarget "LicensePlateApp" */;
			buildPhases = (
				765D540E2EC391DA00D4FED1 /* Sources */,
				765D540F2EC391DA00D4FED1 /* Frameworks */,
				765D54102EC391DA00D4FED1 /* Resources */,
			);
			buildRules = (
			);
			dependencies = (
			);
			fileSystemSynchronizedGroups = (
				765D54142EC391DA00D4FED1 /* LicensePlateApp */,
			);
			name = LicensePlateApp;
			packageProductDependencies = (
				761312512ECBB27900F19D3A /* FirebaseAuth */,
				761312532ECBB27900F19D3A /* FirebaseAuthCombine-Community */,
				761312552ECBB27900F19D3A /* FirebaseCore */,
				761312572ECBB27900F19D3A /* FirebaseCrashlytics */,
				761312592ECBB27900F19D3A /* FirebaseFirestore */,
				7613125B2ECBB27900F19D3A /* FirebaseFirestoreCombine-Community */,
				7613125D2ECBB27900F19D3A /* FirebaseStorage */,
				7613125F2ECBB27900F19D3A /* FirebaseStorageCombine-Community */,
				761312622ECBB31A00F19D3A /* GoogleSignIn */,
				761312642ECBB31A00F19D3A /* GoogleSignInSwift */,
				769546C92EE0BA1000B0498F /* GoogleMaps */,
			);
			productName = LicensePlateApp;
			productReference = 765D54122EC391DA00D4FED1 /* LicensePlateApp.app */;
			productType = "com.apple.product-type.application";
		};
		765D54202EC391DC00D4FED1 /* LicensePlateAppTests */ = {
			isa = PBXNativeTarget;
			buildConfigurationList = 765D54382EC391DC00D4FED1 /* Build configuration list for PBXNativeTarget "LicensePlateAppTests" */;
			buildPhases = (
				765D541D2EC391DC00D4FED1 /* Sources */,
				765D541E2EC391DC00D4FED1 /* Frameworks */,
				765D541F2EC391DC00D4FED1 /* Resources */,
			);
			buildRules = (
			);
			dependencies = (
				765D54232EC391DC00D4FED1 /* PBXTargetDependency */,
			);
			fileSystemSynchronizedGroups = (
				765D54242EC391DC00D4FED1 /* LicensePlateAppTests */,
			);
			name = LicensePlateAppTests;
			packageProductDependencies = (
			);
			productName = LicensePlateAppTests;
			productReference = 765D54212EC391DC00D4FED1 /* LicensePlateAppTests.xctest */;
			productType = "com.apple.product-type.bundle.unit-test";
		};
		765D542A2EC391DC00D4FED1 /* LicensePlateAppUITests */ = {
			isa = PBXNativeTarget;
			buildConfigurationList = 765D543B2EC391DC00D4FED1 /* Build configuration list for PBXNativeTarget "LicensePlateAppUITests" */;
			buildPhases = (
				765D54272EC391DC00D4FED1 /* Sources */,
				765D54282EC391DC00D4FED1 /* Frameworks */,
				765D54292EC391DC00D4FED1 /* Resources */,
			);
			buildRules = (
			);
			dependencies = (
				765D542D2EC391DC00D4FED1 /* PBXTargetDependency */,
			);
			fileSystemSynchronizedGroups = (
				765D542E2EC391DC00D4FED1 /* LicensePlateAppUITests */,
			);
			name = LicensePlateAppUITests;
			packageProductDependencies = (
			);
			productName = LicensePlateAppUITests;
			productReference = 765D542B2EC391DC00D4FED1 /* LicensePlateAppUITests.xctest */;
			productType = "com.apple.product-type.bundle.ui-testing";
		};
/* End PBXNativeTarget section */

/* Begin PBXProject section */
		765D540A2EC391DA00D4FED1 /* Project object */ = {
			isa = PBXProject;
			attributes = {
				BuildIndependentTargetsInParallel = 1;
				LastSwiftUpdateCheck = 2610;
				LastUpgradeCheck = 2610;
				TargetAttributes = {
					765D54112EC391DA00D4FED1 = {
						CreatedOnToolsVersion = 26.1;
					};
					765D54202EC391DC00D4FED1 = {
						CreatedOnToolsVersion = 26.1;
						TestTargetID = 765D54112EC391DA00D4FED1;
					};
					765D542A2EC391DC00D4FED1 = {
						CreatedOnToolsVersion = 26.1;
						TestTargetID = 765D54112EC391DA00D4FED1;
					};
				};
			};
			buildConfigurationList = 765D540D2EC391DA00D4FED1 /* Build configuration list for PBXProject "LicensePlateApp" */;
			developmentRegion = en;
			hasScannedForEncodings = 0;
			knownRegions = (
				en,
				Base,
			);
			mainGroup = 765D54092EC391DA00D4FED1;
			minimizedProjectReferenceProxies = 1;
			packageReferences = (
				761312502ECBB27900F19D3A /* XCRemoteSwiftPackageReference "firebase-ios-sdk" */,
				761312612ECBB31A00F19D3A /* XCRemoteSwiftPackageReference "GoogleSignIn-iOS" */,
				769546C82EE0BA1000B0498F /* XCRemoteSwiftPackageReference "ios-maps-sdk" */,
			);
			preferredProjectObjectVersion = 77;
			productRefGroup = 765D54132EC391DA00D4FED1 /* Products */;
			projectDirPath = "";
			projectRoot = "";
			targets = (
				765D54112EC391DA00D4FED1 /* LicensePlateApp */,
				765D54202EC391DC00D4FED1 /* LicensePlateAppTests */,
				765D542A2EC391DC00D4FED1 /* LicensePlateAppUITests */,
			);
		};
/* End PBXProject section */

/* Begin PBXResourcesBuildPhase section */
		765D54102EC391DA00D4FED1 /* Resources */ = {
			isa = PBXResourcesBuildPhase;
			buildActionMask = 2147483647;
			files = (
			);
			runOnlyForDeploymentPostprocessing = 0;
		};
		765D541F2EC391DC00D4FED1 /* Resources */ = {
			isa = PBXResourcesBuildPhase;
			buildActionMask = 2147483647;
			files = (
			);
			runOnlyForDeploymentPostprocessing = 0;
		};
		765D54292EC391DC00D4FED1 /* Resources */ = {
			isa = PBXResourcesBuildPhase;
			buildActionMask = 2147483647;
			files = (
			);
			runOnlyForDeploymentPostprocessing = 0;
		};
/* End PBXResourcesBuildPhase section */

/* Begin PBXSourcesBuildPhase section */
		765D540E2EC391DA00D4FED1 /* Sources */ = {
			isa = PBXSourcesBuildPhase;
			buildActionMask = 2147483647;
			files = (
			);
			runOnlyForDeploymentPostprocessing = 0;
		};
		765D541D2EC391DC00D4FED1 /* Sources */ = {
			isa = PBXSourcesBuildPhase;
			buildActionMask = 2147483647;
			files = (
			);
			runOnlyForDeploymentPostprocessing = 0;
		};
		765D54272EC391DC00D4FED1 /* Sources */ = {
			isa = PBXSourcesBuildPhase;
			buildActionMask = 2147483647;
			files = (
			);
			runOnlyForDeploymentPostprocessing = 0;
		};
/* End PBXSourcesBuildPhase section */

/* Begin PBXTargetDependency section */
		765D54232EC391DC00D4FED1 /* PBXTargetDependency */ = {
			isa = PBXTargetDependency;
			target = 765D54112EC391DA00D4FED1 /* LicensePlateApp */;
			targetProxy = 765D54222EC391DC00D4FED1 /* PBXContainerItemProxy */;
		};
		765D542D2EC391DC00D4FED1 /* PBXTargetDependency */ = {
			isa = PBXTargetDependency;
			target = 765D54112EC391DA00D4FED1 /* LicensePlateApp */;
			targetProxy = 765D542C2EC391DC00D4FED1 /* PBXContainerItemProxy */;
		};
/* End PBXTargetDependency section */

/* Begin XCBuildConfiguration section */
		765D54332EC391DC00D4FED1 /* Debug */ = {
			isa = XCBuildConfiguration;
			buildSettings = {
				ALWAYS_SEARCH_USER_PATHS = NO;
				ASSETCATALOG_COMPILER_GENERATE_SWIFT_ASSET_SYMBOL_EXTENSIONS = YES;
				CLANG_ANALYZER_NONNULL = YES;
				CLANG_ANALYZER_NUMBER_OBJECT_CONVERSION = YES_AGGRESSIVE;
				CLANG_CXX_LANGUAGE_STANDARD = "gnu++20";
				CLANG_ENABLE_MODULES = YES;
				CLANG_ENABLE_OBJC_ARC = YES;
				CLANG_ENABLE_OBJC_WEAK = YES;
				CLANG_WARN_BLOCK_CAPTURE_AUTORELEASING = YES;
				CLANG_WARN_BOOL_CONVERSION = YES;
				CLANG_WARN_COMMA = YES;
				CLANG_WARN_CONSTANT_CONVERSION = YES;
				CLANG_WARN_DEPRECATED_OBJC_IMPLEMENTATIONS = YES;
				CLANG_WARN_DIRECT_OBJC_ISA_USAGE = YES_ERROR;
				CLANG_WARN_DOCUMENTATION_COMMENTS = YES;
				CLANG_WARN_EMPTY_BODY = YES;
				CLANG_WARN_ENUM_CONVERSION = YES;
				CLANG_WARN_INFINITE_RECURSION = YES;
				CLANG_WARN_INT_CONVERSION = YES;
				CLANG_WARN_NON_LITERAL_NULL_CONVERSION = YES;
				CLANG_WARN_OBJC_IMPLICIT_RETAIN_SELF = YES;
				CLANG_WARN_OBJC_LITERAL_CONVERSION = YES;
				CLANG_WARN_OBJC_ROOT_CLASS = YES_ERROR;
				CLANG_WARN_QUOTED_INCLUDE_IN_FRAMEWORK_HEADER = YES;
				CLANG_WARN_RANGE_LOOP_ANALYSIS = YES;
				CLANG_WARN_STRICT_PROTOTYPES = YES;
				CLANG_WARN_SUSPICIOUS_MOVE = YES;
				CLANG_WARN_UNGUARDED_AVAILABILITY = YES_AGGRESSIVE;
				CLANG_WARN_UNREACHABLE_CODE = YES;
				CLANG_WARN__DUPLICATE_METHOD_MATCH = YES;
				COPY_PHASE_STRIP = NO;
				DEBUG_INFORMATION_FORMAT = dwarf;
				DEVELOPMENT_TEAM = U9W4ZMF92S;
				ENABLE_STRICT_OBJC_MSGSEND = YES;
				ENABLE_TESTABILITY = YES;
				ENABLE_USER_SCRIPT_SANDBOXING = YES;
				GCC_C_LANGUAGE_STANDARD = gnu17;
				GCC_DYNAMIC_NO_PIC = NO;
				GCC_NO_COMMON_BLOCKS = YES;
				GCC_OPTIMIZATION_LEVEL = 0;
				GCC_PREPROCESSOR_DEFINITIONS = (
					"DEBUG=1",
					"$(inherited)",
				);
				GCC_WARN_64_TO_32_BIT_CONVERSION = YES;
				GCC_WARN_ABOUT_RETURN_TYPE = YES_ERROR;
				GCC_WARN_UNDECLARED_SELECTOR = YES;
				GCC_WARN_UNINITIALIZED_AUTOS = YES_AGGRESSIVE;
				GCC_WARN_UNUSED_FUNCTION = YES;
				GCC_WARN_UNUSED_VARIABLE = YES;
				IPHONEOS_DEPLOYMENT_TARGET = 26.1;
				LOCALIZATION_PREFERS_STRING_CATALOGS = YES;
				MTL_ENABLE_DEBUG_INFO = INCLUDE_SOURCE;
				MTL_FAST_MATH = YES;
				ONLY_ACTIVE_ARCH = YES;
				SDKROOT = iphoneos;
				SWIFT_ACTIVE_COMPILATION_CONDITIONS = "DEBUG $(inherited)";
				SWIFT_OPTIMIZATION_LEVEL = "-Onone";
			};
			name = Debug;
		};
		765D54342EC391DC00D4FED1 /* Release */ = {
			isa = XCBuildConfiguration;
			buildSettings = {
				ALWAYS_SEARCH_USER_PATHS = NO;
				ASSETCATALOG_COMPILER_GENERATE_SWIFT_ASSET_SYMBOL_EXTENSIONS = YES;
				CLANG_ANALYZER_NONNULL = YES;
				CLANG_ANALYZER_NUMBER_OBJECT_CONVERSION = YES_AGGRESSIVE;
				CLANG_CXX_LANGUAGE_STANDARD = "gnu++20";
				CLANG_ENABLE_MODULES = YES;
				CLANG_ENABLE_OBJC_ARC = YES;
				CLANG_ENABLE_OBJC_WEAK = YES;
				CLANG_WARN_BLOCK_CAPTURE_AUTORELEASING = YES;
				CLANG_WARN_BOOL_CONVERSION = YES;
				CLANG_WARN_COMMA = YES;
				CLANG_WARN_CONSTANT_CONVERSION = YES;
				CLANG_WARN_DEPRECATED_OBJC_IMPLEMENTATIONS = YES;
				CLANG_WARN_DIRECT_OBJC_ISA_USAGE = YES_ERROR;
				CLANG_WARN_DOCUMENTATION_COMMENTS = YES;
				CLANG_WARN_EMPTY_BODY = YES;
				CLANG_WARN_ENUM_CONVERSION = YES;
				CLANG_WARN_INFINITE_RECURSION = YES;
				CLANG_WARN_INT_CONVERSION = YES;
				CLANG_WARN_NON_LITERAL_NULL_CONVERSION = YES;
				CLANG_WARN_OBJC_IMPLICIT_RETAIN_SELF = YES;
				CLANG_WARN_OBJC_LITERAL_CONVERSION = YES;
				CLANG_WARN_OBJC_ROOT_CLASS = YES_ERROR;
				CLANG_WARN_QUOTED_INCLUDE_IN_FRAMEWORK_HEADER = YES;
				CLANG_WARN_RANGE_LOOP_ANALYSIS = YES;
				CLANG_WARN_STRICT_PROTOTYPES = YES;
				CLANG_WARN_SUSPICIOUS_MOVE = YES;
				CLANG_WARN_UNGUARDED_AVAILABILITY = YES_AGGRESSIVE;
				CLANG_WARN_UNREACHABLE_CODE = YES;
				CLANG_WARN__DUPLICATE_METHOD_MATCH = YES;
				COPY_PHASE_STRIP = NO;
				DEBUG_INFORMATION_FORMAT = "dwarf-with-dsym";
				DEVELOPMENT_TEAM = U9W4ZMF92S;
				ENABLE_NS_ASSERTIONS = NO;
				ENABLE_STRICT_OBJC_MSGSEND = YES;
				ENABLE_USER_SCRIPT_SANDBOXING = YES;
				GCC_C_LANGUAGE_STANDARD = gnu17;
				GCC_NO_COMMON_BLOCKS = YES;
				GCC_WARN_64_TO_32_BIT_CONVERSION = YES;
				GCC_WARN_ABOUT_RETURN_TYPE = YES_ERROR;
				GCC_WARN_UNDECLARED_SELECTOR = YES;
				GCC_WARN_UNINITIALIZED_AUTOS = YES_AGGRESSIVE;
				GCC_WARN_UNUSED_FUNCTION = YES;
				GCC_WARN_UNUSED_VARIABLE = YES;
				IPHONEOS_DEPLOYMENT_TARGET = 26.1;
				LOCALIZATION_PREFERS_STRING_CATALOGS = YES;
				MTL_ENABLE_DEBUG_INFO = NO;
				MTL_FAST_MATH = YES;
				SDKROOT = iphoneos;
				SWIFT_COMPILATION_MODE = wholemodule;
				VALIDATE_PRODUCT = YES;
			};
			name = Release;
		};
		765D54362EC391DC00D4FED1 /* Debug */ = {
			isa = XCBuildConfiguration;
			buildSettings = {
				ASSETCATALOG_COMPILER_APPICON_NAME = AppIcon;
				ASSETCATALOG_COMPILER_GLOBAL_ACCENT_COLOR_NAME = AccentColor;
				CODE_SIGN_ENTITLEMENTS = LicensePlateApp/LicensePlateApp.entitlements;
				CODE_SIGN_IDENTITY = "Apple Development";
				CODE_SIGN_STYLE = Automatic;
				CURRENT_PROJECT_VERSION = 1.0.0;
				DEVELOPMENT_TEAM = ZGH4D6QBA8;
				ENABLE_PREVIEWS = YES;
				FIREBASE_CONFIG_FILE = "GoogleService-Info-Debug.plist";
				GENERATE_INFOPLIST_FILE = NO;
				INFOPLIST_FILE = LicensePlateApp/Info.plist;
				INFOPLIST_KEY_LSApplicationCategoryType = "public.app-category.family-games";
				IPHONEOS_DEPLOYMENT_TARGET = 18.6;
				LD_RUNPATH_SEARCH_PATHS = (
					"$(inherited)",
					"@executable_path/Frameworks",
				);
				MARKETING_VERSION = 1.0.0;
				PRODUCT_BUNDLE_IDENTIFIER = com.HammersTech.LicensePlateApp;
				PRODUCT_NAME = "$(TARGET_NAME)";
				PROVISIONING_PROFILE_SPECIFIER = "";
				STRING_CATALOG_GENERATE_SYMBOLS = YES;
				SWIFT_APPROACHABLE_CONCURRENCY = YES;
				SWIFT_DEFAULT_ACTOR_ISOLATION = MainActor;
				SWIFT_EMIT_LOC_STRINGS = YES;
				SWIFT_UPCOMING_FEATURE_MEMBER_IMPORT_VISIBILITY = YES;
				SWIFT_VERSION = 5.0;
				TARGETED_DEVICE_FAMILY = "1,2";
			};
			name = Debug;
		};
		765D54372EC391DC00D4FED1 /* Release */ = {
			isa = XCBuildConfiguration;
			buildSettings = {
				ASSETCATALOG_COMPILER_APPICON_NAME = AppIcon;
				ASSETCATALOG_COMPILER_GLOBAL_ACCENT_COLOR_NAME = AccentColor;
				CODE_SIGN_ENTITLEMENTS = LicensePlateApp/LicensePlateApp.entitlements;
				CODE_SIGN_IDENTITY = "Apple Development";
				CODE_SIGN_STYLE = Automatic;
				CURRENT_PROJECT_VERSION = 1.0.0;
				DEVELOPMENT_TEAM = ZGH4D6QBA8;
				ENABLE_PREVIEWS = YES;
				FIREBASE_CONFIG_FILE = "GoogleService-Info-Release.plist";
				GENERATE_INFOPLIST_FILE = NO;
				INFOPLIST_FILE = LicensePlateApp/Info.plist;
				INFOPLIST_KEY_LSApplicationCategoryType = "public.app-category.family-games";
				IPHONEOS_DEPLOYMENT_TARGET = 18.6;
				LD_RUNPATH_SEARCH_PATHS = (
					"$(inherited)",
					"@executable_path/Frameworks",
				);
				MARKETING_VERSION = 1.0.0;
				PRODUCT_BUNDLE_IDENTIFIER = com.HammersTech.LicensePlateApp;
				PRODUCT_NAME = "$(TARGET_NAME)";
				PROVISIONING_PROFILE_SPECIFIER = "";
				STRING_CATALOG_GENERATE_SYMBOLS = YES;
				SWIFT_APPROACHABLE_CONCURRENCY = YES;
				SWIFT_DEFAULT_ACTOR_ISOLATION = MainActor;
				SWIFT_EMIT_LOC_STRINGS = YES;
				SWIFT_UPCOMING_FEATURE_MEMBER_IMPORT_VISIBILITY = YES;
				SWIFT_VERSION = 5.0;
				TARGETED_DEVICE_FAMILY = "1,2";
			};
			name = Release;
		};
		765D54392EC391DC00D4FED1 /* Debug */ = {
			isa = XCBuildConfiguration;
			buildSettings = {
				BUNDLE_LOADER = "$(TEST_HOST)";
				CODE_SIGN_STYLE = Automatic;
				CURRENT_PROJECT_VERSION = 1;
				DEVELOPMENT_TEAM = U9W4ZMF92S;
				GENERATE_INFOPLIST_FILE = YES;
				IPHONEOS_DEPLOYMENT_TARGET = 26.1;
				MARKETING_VERSION = 1.0;
				PRODUCT_BUNDLE_IDENTIFIER = com.HammersTech.test.LicensePlateAppTests;
				PRODUCT_NAME = "$(TARGET_NAME)";
				STRING_CATALOG_GENERATE_SYMBOLS = NO;
				SWIFT_APPROACHABLE_CONCURRENCY = YES;
				SWIFT_EMIT_LOC_STRINGS = NO;
				SWIFT_UPCOMING_FEATURE_MEMBER_IMPORT_VISIBILITY = YES;
				SWIFT_VERSION = 5.0;
				TARGETED_DEVICE_FAMILY = "1,2";
				TEST_HOST = "$(BUILT_PRODUCTS_DIR)/LicensePlateApp.app/$(BUNDLE_EXECUTABLE_FOLDER_PATH)/LicensePlateApp";
			};
			name = Debug;
		};
		765D543A2EC391DC00D4FED1 /* Release */ = {
			isa = XCBuildConfiguration;
			buildSettings = {
				BUNDLE_LOADER = "$(TEST_HOST)";
				CODE_SIGN_STYLE = Automatic;
				CURRENT_PROJECT_VERSION = 1;
				DEVELOPMENT_TEAM = U9W4ZMF92S;
				GENERATE_INFOPLIST_FILE = YES;
				IPHONEOS_DEPLOYMENT_TARGET = 26.1;
				MARKETING_VERSION = 1.0;
				PRODUCT_BUNDLE_IDENTIFIER = com.HammersTech.test.LicensePlateAppTests;
				PRODUCT_NAME = "$(TARGET_NAME)";
				STRING_CATALOG_GENERATE_SYMBOLS = NO;
				SWIFT_APPROACHABLE_CONCURRENCY = YES;
				SWIFT_EMIT_LOC_STRINGS = NO;
				SWIFT_UPCOMING_FEATURE_MEMBER_IMPORT_VISIBILITY = YES;
				SWIFT_VERSION = 5.0;
				TARGETED_DEVICE_FAMILY = "1,2";
				TEST_HOST = "$(BUILT_PRODUCTS_DIR)/LicensePlateApp.app/$(BUNDLE_EXECUTABLE_FOLDER_PATH)/LicensePlateApp";
			};
			name = Release;
		};
		765D543C2EC391DC00D4FED1 /* Debug */ = {
			isa = XCBuildConfiguration;
			buildSettings = {
				CODE_SIGN_STYLE = Automatic;
				CURRENT_PROJECT_VERSION = 1;
				DEVELOPMENT_TEAM = U9W4ZMF92S;
				GENERATE_INFOPLIST_FILE = YES;
				MARKETING_VERSION = 1.0;
				PRODUCT_BUNDLE_IDENTIFIER = com.HammersTech.test.LicensePlateAppUITests;
				PRODUCT_NAME = "$(TARGET_NAME)";
				STRING_CATALOG_GENERATE_SYMBOLS = NO;
				SWIFT_APPROACHABLE_CONCURRENCY = YES;
				SWIFT_EMIT_LOC_STRINGS = NO;
				SWIFT_UPCOMING_FEATURE_MEMBER_IMPORT_VISIBILITY = YES;
				SWIFT_VERSION = 5.0;
				TARGETED_DEVICE_FAMILY = "1,2";
				TEST_TARGET_NAME = LicensePlateApp;
			};
			name = Debug;
		};
		765D543D2EC391DC00D4FED1 /* Release */ = {
			isa = XCBuildConfiguration;
			buildSettings = {
				CODE_SIGN_STYLE = Automatic;
				CURRENT_PROJECT_VERSION = 1;
				DEVELOPMENT_TEAM = U9W4ZMF92S;
				GENERATE_INFOPLIST_FILE = YES;
				MARKETING_VERSION = 1.0;
				PRODUCT_BUNDLE_IDENTIFIER = com.HammersTech.test.LicensePlateAppUITests;
				PRODUCT_NAME = "$(TARGET_NAME)";
				STRING_CATALOG_GENERATE_SYMBOLS = NO;
				SWIFT_APPROACHABLE_CONCURRENCY = YES;
				SWIFT_EMIT_LOC_STRINGS = NO;
				SWIFT_UPCOMING_FEATURE_MEMBER_IMPORT_VISIBILITY = YES;
				SWIFT_VERSION = 5.0;
				TARGETED_DEVICE_FAMILY = "1,2";
				TEST_TARGET_NAME = LicensePlateApp;
			};
			name = Release;
		};
/* End XCBuildConfiguration section */

/* Begin XCConfigurationList section */
		765D540D2EC391DA00D4FED1 /* Build configuration list for PBXProject "LicensePlateApp" */ = {
			isa = XCConfigurationList;
			buildConfigurations = (
				765D54332EC391DC00D4FED1 /* Debug */,
				765D54342EC391DC00D4FED1 /* Release */,
			);
			defaultConfigurationIsVisible = 0;
			defaultConfigurationName = Release;
		};
		765D54352EC391DC00D4FED1 /* Build configuration list for PBXNativeTarget "LicensePlateApp" */ = {
			isa = XCConfigurationList;
			buildConfigurations = (
				765D54362EC391DC00D4FED1 /* Debug */,
				765D54372EC391DC00D4FED1 /* Release */,
			);
			defaultConfigurationIsVisible = 0;
			defaultConfigurationName = Release;
		};
		765D54382EC391DC00D4FED1 /* Build configuration list for PBXNativeTarget "LicensePlateAppTests" */ = {
			isa = XCConfigurationList;
			buildConfigurations = (
				765D54392EC391DC00D4FED1 /* Debug */,
				765D543A2EC391DC00D4FED1 /* Release */,
			);
			defaultConfigurationIsVisible = 0;
			defaultConfigurationName = Release;
		};
		765D543B2EC391DC00D4FED1 /* Build configuration list for PBXNativeTarget "LicensePlateAppUITests" */ = {
			isa = XCConfigurationList;
			buildConfigurations = (
				765D543C2EC391DC00D4FED1 /* Debug */,
				765D543D2EC391DC00D4FED1 /* Release */,
			);
			defaultConfigurationIsVisible = 0;
			defaultConfigurationName = Release;
		};
/* End XCConfigurationList section */

/* Begin XCRemoteSwiftPackageReference section */
		761312502ECBB27900F19D3A /* XCRemoteSwiftPackageReference "firebase-ios-sdk" */ = {
			isa = XCRemoteSwiftPackageReference;
			repositoryURL = "https://github.com/firebase/firebase-ios-sdk";
			requirement = {
				kind = upToNextMajorVersion;
				minimumVersion = 12.6.0;
			};
		};
		761312612ECBB31A00F19D3A /* XCRemoteSwiftPackageReference "GoogleSignIn-iOS" */ = {
			isa = XCRemoteSwiftPackageReference;
			repositoryURL = "https://github.com/google/GoogleSignIn-iOS";
			requirement = {
				kind = upToNextMajorVersion;
				minimumVersion = 9.0.0;
			};
		};
		769546C82EE0BA1000B0498F /* XCRemoteSwiftPackageReference "ios-maps-sdk" */ = {
			isa = XCRemoteSwiftPackageReference;
			repositoryURL = "https://github.com/googlemaps/ios-maps-sdk";
			requirement = {
				kind = upToNextMajorVersion;
				minimumVersion = 10.6.0;
			};
		};
/* End XCRemoteSwiftPackageReference section */

/* Begin XCSwiftPackageProductDependency section */
		761312512ECBB27900F19D3A /* FirebaseAuth */ = {
			isa = XCSwiftPackageProductDependency;
			package = 761312502ECBB27900F19D3A /* XCRemoteSwiftPackageReference "firebase-ios-sdk" */;
			productName = FirebaseAuth;
		};
		761312532ECBB27900F19D3A /* FirebaseAuthCombine-Community */ = {
			isa = XCSwiftPackageProductDependency;
			package = 761312502ECBB27900F19D3A /* XCRemoteSwiftPackageReference "firebase-ios-sdk" */;
			productName = "FirebaseAuthCombine-Community";
		};
		761312552ECBB27900F19D3A /* FirebaseCore */ = {
			isa = XCSwiftPackageProductDependency;
			package = 761312502ECBB27900F19D3A /* XCRemoteSwiftPackageReference "firebase-ios-sdk" */;
			productName = FirebaseCore;
		};
		761312572ECBB27900F19D3A /* FirebaseCrashlytics */ = {
			isa = XCSwiftPackageProductDependency;
			package = 761312502ECBB27900F19D3A /* XCRemoteSwiftPackageReference "firebase-ios-sdk" */;
			productName = FirebaseCrashlytics;
		};
		761312592ECBB27900F19D3A /* FirebaseFirestore */ = {
			isa = XCSwiftPackageProductDependency;
			package = 761312502ECBB27900F19D3A /* XCRemoteSwiftPackageReference "firebase-ios-sdk" */;
			productName = FirebaseFirestore;
		};
		7613125B2ECBB27900F19D3A /* FirebaseFirestoreCombine-Community */ = {
			isa = XCSwiftPackageProductDependency;
			package = 761312502ECBB27900F19D3A /* XCRemoteSwiftPackageReference "firebase-ios-sdk" */;
			productName = "FirebaseFirestoreCombine-Community";
		};
		7613125D2ECBB27900F19D3A /* FirebaseStorage */ = {
			isa = XCSwiftPackageProductDependency;
			package = 761312502ECBB27900F19D3A /* XCRemoteSwiftPackageReference "firebase-ios-sdk" */;
			productName = FirebaseStorage;
		};
		7613125F2ECBB27900F19D3A /* FirebaseStorageCombine-Community */ = {
			isa = XCSwiftPackageProductDependency;
			package = 761312502ECBB27900F19D3A /* XCRemoteSwiftPackageReference "firebase-ios-sdk" */;
			productName = "FirebaseStorageCombine-Community";
		};
		761312622ECBB31A00F19D3A /* GoogleSignIn */ = {
			isa = XCSwiftPackageProductDependency;
			package = 761312612ECBB31A00F19D3A /* XCRemoteSwiftPackageReference "GoogleSignIn-iOS" */;
			productName = GoogleSignIn;
		};
		761312642ECBB31A00F19D3A /* GoogleSignInSwift */ = {
			isa = XCSwiftPackageProductDependency;
			package = 761312612ECBB31A00F19D3A /* XCRemoteSwiftPackageReference "GoogleSignIn-iOS" */;
			productName = GoogleSignInSwift;
		};
		769546C92EE0BA1000B0498F /* GoogleMaps */ = {
			isa = XCSwiftPackageProductDependency;
			package = 769546C82EE0BA1000B0498F /* XCRemoteSwiftPackageReference "ios-maps-sdk" */;
			productName = GoogleMaps;
		};
/* End XCSwiftPackageProductDependency section */
	};
	rootObject = 765D540A2EC391DA00D4FED1 /* Project object */;
}
